{
  "name": "wm4_trello",
  "version": "1.0.0",
  "lockfileVersion": 2,
  "requires": true,
  "packages": {
    "": {
      "name": "wm4_trello",
      "version": "1.0.0",
      "license": "ISC",
      "dependencies": {
        "dotenv": "^16.0.0",
        "trello": "^0.11.0"
      }
    },
    "node_modules/dotenv": {
      "version": "16.0.0",
      "resolved": "https://globaldevtools.bbva.com:443/artifactory/api/npm/npm-repo/dotenv/-/dotenv-16.0.0.tgz",
      "integrity": "sha1-xhkAElO+ieu2ONAntgnHXCbkdBE=",
      "license": "BSD-2-Clause",
      "engines": {
        "node": ">=12"
      }
    },
    "node_modules/es6-promise": {
      "version": "3.0.2",
      "resolved": "https://globaldevtools.bbva.com:443/artifactory/api/npm/npm-repo/es6-promise/-/es6-promise-3.0.2.tgz",
      "integrity": "sha1-AQ1YWEI6XxGJeWZfRkhqlcbuK7Y=",
      "license": "MIT"
    },
    "node_modules/iconv-lite": {
      "version": "0.2.11",
      "resolved": "https://globaldevtools.bbva.com:443/artifactory/api/npm/npm-repo/iconv-lite/-/iconv-lite-0.2.11.tgz",
      "integrity": "sha1-HOYKOleGSiktEyH/RgnKS7llrcg=",
      "license": "MIT",
      "engines": {
        "node": ">=0.4.0"
      }
    },
    "node_modules/object-assign": {
      "version": "4.1.1",
      "resolved": "https://globaldevtools.bbva.com:443/artifactory/api/npm/npm-repo/object-assign/-/object-assign-4.1.1.tgz",
      "integrity": "sha1-IQmtx5ZYh8/AXLvUQsrIv7s2CGM=",
      "license": "MIT",
      "engines": {
        "node": ">=0.10.0"
      }
    },
    "node_modules/qs": {
      "version": "1.2.0",
      "resolved": "https://globaldevtools.bbva.com:443/artifactory/api/npm/npm-repo/qs/-/qs-1.2.0.tgz",
      "integrity": "sha1-7Qeb4oaCFH5v2aNMwrDB4OxkU+4="
    },
    "node_modules/restler": {
      "version": "3.3.0",
      "resolved": "https://globaldevtools.bbva.com:443/artifactory/api/npm/npm-repo/restler/-/restler-3.3.0.tgz",
      "integrity": "sha1-+TpZteG8LFrQwrlz94EpshgbYHY=",
      "license": "MIT",
      "dependencies": {
        "iconv-lite": "0.2.11",
        "qs": "1.2.0",
        "xml2js": "0.4.0",
        "yaml": "0.2.3"
      },
      "engines": {
        "node": ">= 0.10.x"
      }
    },
    "node_modules/sax": {
      "version": "0.5.8",
      "resolved": "https://globaldevtools.bbva.com:443/artifactory/api/npm/npm-repo/sax/-/sax-0.5.8.tgz",
      "integrity": "sha1-1HLbIo6zMcJQaw6MFVJK25OdEsE=",
      "license": "BSD"
    },
    "node_modules/trello": {
      "version": "0.11.0",
      "resolved": "https://globaldevtools.bbva.com:443/artifactory/api/npm/npm-repo/trello/-/trello-0.11.0.tgz",
      "integrity": "sha1-5K3LmajMZOThSoubOIJvdw1Vvwc=",
      "license": "MIT",
      "dependencies": {
        "es6-promise": "~3.0.2",
        "object-assign": "~4.1.0",
        "restler": "~3.3.0"
      },
      "engines": {
        "node": ">= 0.10.x"
      }
    },
    "node_modules/xml2js": {
      "version": "0.4.0",
      "resolved": "https://globaldevtools.bbva.com:443/artifactory/api/npm/npm-repo/xml2js/-/xml2js-0.4.0.tgz",
      "integrity": "sha1-Ek/EEUtBKcgQgA7LKshs8lRiy5o=",
      "dependencies": {
        "sax": "0.5.x",
        "xmlbuilder": ">=0.4.2"
      }
    },
    "node_modules/xmlbuilder": {
      "version": "15.1.1",
      "resolved": "https://globaldevtools.bbva.com:443/artifactory/api/npm/npm-repo/xmlbuilder/-/xmlbuilder-15.1.1.tgz",
      "integrity": "sha1-nc3OSe6mbY0QtCyulKecPI0MLsU=",
      "license": "MIT",
      "engines": {
        "node": ">=8.0"
      }
    },
    "node_modules/yaml": {
      "version": "0.2.3",
      "resolved": "https://globaldevtools.bbva.com:443/artifactory/api/npm/npm-repo/yaml/-/yaml-0.2.3.tgz",
      "integrity": "sha1-tUUOkudu82td0k42YAkeuu7z5cc=",
      "engines": {
        "node": "*"
      }
    }
  },
  "dependencies": {
    "dotenv": {
      "version": "16.0.0",
      "resolved": "https://globaldevtools.bbva.com:443/artifactory/api/npm/npm-repo/dotenv/-/dotenv-16.0.0.tgz",
      "integrity": "sha1-xhkAElO+ieu2ONAntgnHXCbkdBE="
    },
    "es6-promise": {
      "version": "3.0.2",
      "resolved": "https://globaldevtools.bbva.com:443/artifactory/api/npm/npm-repo/es6-promise/-/es6-promise-3.0.2.tgz",
      "integrity": "sha1-AQ1YWEI6XxGJeWZfRkhqlcbuK7Y="
    },
    "iconv-lite": {
      "version": "0.2.11",
      "resolved": "https://globaldevtools.bbva.com:443/artifactory/api/npm/npm-repo/iconv-lite/-/iconv-lite-0.2.11.tgz",
      "integrity": "sha1-HOYKOleGSiktEyH/RgnKS7llrcg="
    },
    "object-assign": {
      "version": "4.1.1",
      "resolved": "https://globaldevtools.bbva.com:443/artifactory/api/npm/npm-repo/object-assign/-/object-assign-4.1.1.tgz",
      "integrity": "sha1-IQmtx5ZYh8/AXLvUQsrIv7s2CGM="
    },
    "qs": {
      "version": "1.2.0",
      "resolved": "https://globaldevtools.bbva.com:443/artifactory/api/npm/npm-repo/qs/-/qs-1.2.0.tgz",
      "integrity": "sha1-7Qeb4oaCFH5v2aNMwrDB4OxkU+4="
    },
    "restler": {
      "version": "3.3.0",
      "resolved": "https://globaldevtools.bbva.com:443/artifactory/api/npm/npm-repo/restler/-/restler-3.3.0.tgz",
      "integrity": "sha1-+TpZteG8LFrQwrlz94EpshgbYHY=",
      "requires": {
        "iconv-lite": "0.2.11",
        "qs": "1.2.0",
        "xml2js": "0.4.0",
        "yaml": "0.2.3"
      }
    },
    "sax": {
      "version": "0.5.8",
      "resolved": "https://globaldevtools.bbva.com:443/artifactory/api/npm/npm-repo/sax/-/sax-0.5.8.tgz",
      "integrity": "sha1-1HLbIo6zMcJQaw6MFVJK25OdEsE="
    },
    "trello": {
      "version": "0.11.0",
      "resolved": "https://globaldevtools.bbva.com:443/artifactory/api/npm/npm-repo/trello/-/trello-0.11.0.tgz",
      "integrity": "sha1-5K3LmajMZOThSoubOIJvdw1Vvwc=",
      "requires": {
        "es6-promise": "~3.0.2",
        "object-assign": "~4.1.0",
        "restler": "~3.3.0"
      }
    },
    "xml2js": {
      "version": "0.4.0",
      "resolved": "https://globaldevtools.bbva.com:443/artifactory/api/npm/npm-repo/xml2js/-/xml2js-0.4.0.tgz",
      "integrity": "sha1-Ek/EEUtBKcgQgA7LKshs8lRiy5o=",
      "requires": {
        "sax": "0.5.x",
        "xmlbuilder": ">=0.4.2"
      }
    },
    "xmlbuilder": {
      "version": "15.1.1",
      "resolved": "https://globaldevtools.bbva.com:443/artifactory/api/npm/npm-repo/xmlbuilder/-/xmlbuilder-15.1.1.tgz",
      "integrity": "sha1-nc3OSe6mbY0QtCyulKecPI0MLsU="
    },
    "yaml": {
      "version": "0.2.3",
      "resolved": "https://globaldevtools.bbva.com:443/artifactory/api/npm/npm-repo/yaml/-/yaml-0.2.3.tgz",
      "integrity": "sha1-tUUOkudu82td0k42YAkeuu7z5cc="
    }
  }
}
